
Microsoft Visual Studio Solution File, Format Version 12.00
# Visual Studio Version 17
VisualStudioVersion = 17.1.32421.90
MinimumVisualStudioVersion = 10.0.40219.1
Project("{2150E333-8FDC-42A3-9474-1A3956D46DE8}") = "Services", "Services", "{4BD20499-4E30-46E7-AC42-22AA6267AF79}"
EndProject
Project("{2150E333-8FDC-42A3-9474-1A3956D46DE8}") = "WebApps", "WebApps", "{C2501060-4933-460D-8381-A4B957721350}"
EndProject
Project("{2150E333-8FDC-42A3-9474-1A3956D46DE8}") = "Cadastros", "Cadastros", "{6FBD2332-08B4-4C5E-9F12-C1F491EA5280}"
EndProject
Project("{2150E333-8FDC-42A3-9474-1A3956D46DE8}") = "Catalogo", "Catalogo", "{B2A59620-A2B9-4B0C-ACD0-D57819DBDD98}"
EndProject
Project("{2150E333-8FDC-42A3-9474-1A3956D46DE8}") = "Core", "Core", "{7879607A-D5B7-4CE6-8E22-8ED53AFF40D8}"
EndProject
Project("{2150E333-8FDC-42A3-9474-1A3956D46DE8}") = "Fiscal", "Fiscal", "{307DE703-5BAB-4C02-B857-0BB8134BE075}"
EndProject
Project("{2150E333-8FDC-42A3-9474-1A3956D46DE8}") = "Pagamentos", "Pagamentos", "{415E76A7-7F70-4D34-924B-46B478C7935C}"
EndProject
Project("{2150E333-8FDC-42A3-9474-1A3956D46DE8}") = "Vendas", "Vendas", "{E51CD157-BDC6-42B2-A774-D8EFB4A7C927}"
EndProject
Project("{9A19103F-16F7-4668-BE54-9A1E7A4F7556}") = "NerdStore.Catalogo.Domain", "src\NerdStore.Catalogo.Domain\NerdStore.Catalogo.Domain.csproj", "{22361BB6-6869-4FA1-9F75-01469C2294F6}"
EndProject
Project("{9A19103F-16F7-4668-BE54-9A1E7A4F7556}") = "NerdStore.Core", "src\NerdStore.Core\NerdStore.Core.csproj", "{B8B0B8F7-F041-4478-AFCD-BECAC8F7D2A4}"
EndProject
Project("{2150E333-8FDC-42A3-9474-1A3956D46DE8}") = "Tests", "Tests", "{A13CDF50-4BCA-43EA-952F-ACD71C841481}"
EndProject
Project("{FAE04EC0-301F-11D3-BF4B-00C04F79EFBC}") = "NerdStore.Catalogo.Domain.Tests", "tests\NerdStore.Catalogo.Domain.Tests\NerdStore.Catalogo.Domain.Tests.csproj", "{C30AAA7E-9795-4A1C-AA61-D2EAAABD96DF}"
EndProject
Project("{FAE04EC0-301F-11D3-BF4B-00C04F79EFBC}") = "NerdStore.Catalogo.Data", "src\NerdStore.Catalogo.Data\NerdStore.Catalogo.Data.csproj", "{0FDAA504-3D06-4654-A8C3-51BFF410F909}"
EndProject
Global
	GlobalSection(SolutionConfigurationPlatforms) = preSolution
		Debug|Any CPU = Debug|Any CPU
		Release|Any CPU = Release|Any CPU
	EndGlobalSection
	GlobalSection(ProjectConfigurationPlatforms) = postSolution
		{22361BB6-6869-4FA1-9F75-01469C2294F6}.Debug|Any CPU.ActiveCfg = Debug|Any CPU
		{22361BB6-6869-4FA1-9F75-01469C2294F6}.Debug|Any CPU.Build.0 = Debug|Any CPU
		{22361BB6-6869-4FA1-9F75-01469C2294F6}.Release|Any CPU.ActiveCfg = Release|Any CPU
		{22361BB6-6869-4FA1-9F75-01469C2294F6}.Release|Any CPU.Build.0 = Release|Any CPU
		{B8B0B8F7-F041-4478-AFCD-BECAC8F7D2A4}.Debug|Any CPU.ActiveCfg = Debug|Any CPU
		{B8B0B8F7-F041-4478-AFCD-BECAC8F7D2A4}.Debug|Any CPU.Build.0 = Debug|Any CPU
		{B8B0B8F7-F041-4478-AFCD-BECAC8F7D2A4}.Release|Any CPU.ActiveCfg = Release|Any CPU
		{B8B0B8F7-F041-4478-AFCD-BECAC8F7D2A4}.Release|Any CPU.Build.0 = Release|Any CPU
		{C30AAA7E-9795-4A1C-AA61-D2EAAABD96DF}.Debug|Any CPU.ActiveCfg = Debug|Any CPU
		{C30AAA7E-9795-4A1C-AA61-D2EAAABD96DF}.Debug|Any CPU.Build.0 = Debug|Any CPU
		{C30AAA7E-9795-4A1C-AA61-D2EAAABD96DF}.Release|Any CPU.ActiveCfg = Release|Any CPU
		{C30AAA7E-9795-4A1C-AA61-D2EAAABD96DF}.Release|Any CPU.Build.0 = Release|Any CPU
		{0FDAA504-3D06-4654-A8C3-51BFF410F909}.Debug|Any CPU.ActiveCfg = Debug|Any CPU
		{0FDAA504-3D06-4654-A8C3-51BFF410F909}.Debug|Any CPU.Build.0 = Debug|Any CPU
		{0FDAA504-3D06-4654-A8C3-51BFF410F909}.Release|Any CPU.ActiveCfg = Release|Any CPU
		{0FDAA504-3D06-4654-A8C3-51BFF410F909}.Release|Any CPU.Build.0 = Release|Any CPU
	EndGlobalSection
	GlobalSection(SolutionProperties) = preSolution
		HideSolutionNode = FALSE
	EndGlobalSection
	GlobalSection(NestedProjects) = preSolution
		{6FBD2332-08B4-4C5E-9F12-C1F491EA5280} = {4BD20499-4E30-46E7-AC42-22AA6267AF79}
		{B2A59620-A2B9-4B0C-ACD0-D57819DBDD98} = {4BD20499-4E30-46E7-AC42-22AA6267AF79}
		{7879607A-D5B7-4CE6-8E22-8ED53AFF40D8} = {4BD20499-4E30-46E7-AC42-22AA6267AF79}
		{307DE703-5BAB-4C02-B857-0BB8134BE075} = {4BD20499-4E30-46E7-AC42-22AA6267AF79}
		{415E76A7-7F70-4D34-924B-46B478C7935C} = {4BD20499-4E30-46E7-AC42-22AA6267AF79}
		{E51CD157-BDC6-42B2-A774-D8EFB4A7C927} = {4BD20499-4E30-46E7-AC42-22AA6267AF79}
		{22361BB6-6869-4FA1-9F75-01469C2294F6} = {B2A59620-A2B9-4B0C-ACD0-D57819DBDD98}
		{B8B0B8F7-F041-4478-AFCD-BECAC8F7D2A4} = {7879607A-D5B7-4CE6-8E22-8ED53AFF40D8}
		{A13CDF50-4BCA-43EA-952F-ACD71C841481} = {B2A59620-A2B9-4B0C-ACD0-D57819DBDD98}
		{C30AAA7E-9795-4A1C-AA61-D2EAAABD96DF} = {A13CDF50-4BCA-43EA-952F-ACD71C841481}
		{0FDAA504-3D06-4654-A8C3-51BFF410F909} = {B2A59620-A2B9-4B0C-ACD0-D57819DBDD98}
	EndGlobalSection
	GlobalSection(ExtensibilityGlobals) = postSolution
		SolutionGuid = {5C9B29C4-E4E8-444C-B875-E0C6301049A7}
	EndGlobalSection
EndGlobal
