
Microsoft Visual Studio Solution File, Format Version 12.00
# Visual Studio Version 17
VisualStudioVersion = 17.1.32421.90
MinimumVisualStudioVersion = 10.0.40219.1
Project("{2150E333-8FDC-42A3-9474-1A3956D46DE8}") = "Services", "Services", "{4BD20499-4E30-46E7-AC42-22AA6267AF79}"
EndProject
Project("{2150E333-8FDC-42A3-9474-1A3956D46DE8}") = "WebApps", "WebApps", "{C2501060-4933-460D-8381-A4B957721350}"
EndProject
Project("{2150E333-8FDC-42A3-9474-1A3956D46DE8}") = "Cadastros", "Cadastros", "{6FBD2332-08B4-4C5E-9F12-C1F491EA5280}"
EndProject
Project("{2150E333-8FDC-42A3-9474-1A3956D46DE8}") = "Catalogo", "Catalogo", "{B2A59620-A2B9-4B0C-ACD0-D57819DBDD98}"
EndProject
Project("{2150E333-8FDC-42A3-9474-1A3956D46DE8}") = "Core", "Core", "{7879607A-D5B7-4CE6-8E22-8ED53AFF40D8}"
EndProject
Project("{2150E333-8FDC-42A3-9474-1A3956D46DE8}") = "Fiscal", "Fiscal", "{307DE703-5BAB-4C02-B857-0BB8134BE075}"
EndProject
Project("{2150E333-8FDC-42A3-9474-1A3956D46DE8}") = "Pagamentos", "Pagamentos", "{415E76A7-7F70-4D34-924B-46B478C7935C}"
EndProject
Project("{2150E333-8FDC-42A3-9474-1A3956D46DE8}") = "Vendas", "Vendas", "{E51CD157-BDC6-42B2-A774-D8EFB4A7C927}"
EndProject
Project("{9A19103F-16F7-4668-BE54-9A1E7A4F7556}") = "NerdStore.Catalogo.Domain", "src\NerdStore.Catalogo.Domain\NerdStore.Catalogo.Domain.csproj", "{22361BB6-6869-4FA1-9F75-01469C2294F6}"
EndProject
Project("{9A19103F-16F7-4668-BE54-9A1E7A4F7556}") = "NerdStore.Core", "src\NerdStore.Core\NerdStore.Core.csproj", "{B8B0B8F7-F041-4478-AFCD-BECAC8F7D2A4}"
EndProject
Project("{2150E333-8FDC-42A3-9474-1A3956D46DE8}") = "Tests", "Tests", "{A13CDF50-4BCA-43EA-952F-ACD71C841481}"
EndProject
Project("{9A19103F-16F7-4668-BE54-9A1E7A4F7556}") = "NerdStore.Catalogo.Domain.Tests", "tests\NerdStore.Catalogo.Domain.Tests\NerdStore.Catalogo.Domain.Tests.csproj", "{C30AAA7E-9795-4A1C-AA61-D2EAAABD96DF}"
EndProject
Project("{9A19103F-16F7-4668-BE54-9A1E7A4F7556}") = "NerdStore.Catalogo.Data", "src\NerdStore.Catalogo.Data\NerdStore.Catalogo.Data.csproj", "{0FDAA504-3D06-4654-A8C3-51BFF410F909}"
EndProject
Project("{9A19103F-16F7-4668-BE54-9A1E7A4F7556}") = "NerdStore.Catalogo.Application", "src\NerdStore.Catalogo.Application\NerdStore.Catalogo.Application.csproj", "{E27990E3-EDCE-4101-A880-C5156290C05A}"
EndProject
Project("{9A19103F-16F7-4668-BE54-9A1E7A4F7556}") = "NerdStore.WebApp.MVC", "src\NerdStore.WebApp.MVC\NerdStore.WebApp.MVC.csproj", "{F135061A-1ACA-4410-AAD9-8F94C2116797}"
EndProject
Project("{9A19103F-16F7-4668-BE54-9A1E7A4F7556}") = "NerdStore.Vendas.Domain", "src\NerdStore.Vendas.Domain\NerdStore.Vendas.Domain.csproj", "{D6DF5042-A302-48D4-958E-D45D9EF7077D}"
EndProject
Project("{9A19103F-16F7-4668-BE54-9A1E7A4F7556}") = "NerdStore.Vendas.Application", "src\NerdStore.Vendas.Application\NerdStore.Vendas.Application.csproj", "{A133A38C-4C33-4594-974C-9CAF6C25A98D}"
EndProject
Project("{9A19103F-16F7-4668-BE54-9A1E7A4F7556}") = "NerdStore.Vendas.Data", "src\NerdStore.Vendas.Data\NerdStore.Vendas.Data.csproj", "{1F9BF6E4-D037-4B80-9F00-5EA3AFE3D057}"
EndProject
Project("{9A19103F-16F7-4668-BE54-9A1E7A4F7556}") = "NerdStore.Pagamentos.Business", "src\NerdStore.Pagamentos.Business\NerdStore.Pagamentos.Business.csproj", "{62D84B43-FAF2-4671-B1A8-5EF0E15DDEE1}"
EndProject
Project("{9A19103F-16F7-4668-BE54-9A1E7A4F7556}") = "NerdStore.Pagamentos.Data", "src\NerdStore.Pagamentos.Data\NerdStore.Pagamentos.Data.csproj", "{12852E9F-A1A4-46AD-993C-E0B8770382ED}"
EndProject
Project("{9A19103F-16F7-4668-BE54-9A1E7A4F7556}") = "NerdStore.Pagamentos.AntiCorruption", "src\NerdStore.Pagamentos.AntiCorruption\NerdStore.Pagamentos.AntiCorruption.csproj", "{D30793A8-1AD4-4BF7-B28E-C42184C3BC08}"
EndProject
Project("{2150E333-8FDC-42A3-9474-1A3956D46DE8}") = "BuildingBlocks", "BuildingBlocks", "{54E5E6AF-55C7-486F-B879-B3F789EBEEBC}"
EndProject
Project("{9A19103F-16F7-4668-BE54-9A1E7A4F7556}") = "EventSourcing", "src\EventSourcing\EventSourcing.csproj", "{2FC833D4-8161-4FAC-B0EE-62DBC0D10940}"
EndProject
Project("{2150E333-8FDC-42A3-9474-1A3956D46DE8}") = "Fundamentos", "Fundamentos", "{EE51CBF8-56C5-4B3B-B00A-51086FBC9C9A}"
EndProject
Project("{2150E333-8FDC-42A3-9474-1A3956D46DE8}") = "01-OOP", "01-OOP", "{17049EB3-50A9-4EFC-812B-7F19F27290C3}"
EndProject
Project("{9A19103F-16F7-4668-BE54-9A1E7A4F7556}") = "OOP", "src\Fundamentos\OOP\OOP.csproj", "{F58EFF6D-F365-4698-A754-C74D09B8AF07}"
EndProject
Project("{2150E333-8FDC-42A3-9474-1A3956D46DE8}") = "02-SOLID", "02-SOLID", "{A4A0455E-C92C-4641-80C1-33131BCF6D11}"
EndProject
Project("{9A19103F-16F7-4668-BE54-9A1E7A4F7556}") = "SOLID", "src\Fundamentos\SOLID\SOLID.csproj", "{9C5C8676-D153-4FEB-A2DA-4C9F06D29C8A}"
EndProject
Project("{2150E333-8FDC-42A3-9474-1A3956D46DE8}") = "03-DependencyInjection", "03-DependencyInjection", "{28D158C8-E935-4439-974D-7184BD4DEA6D}"
EndProject
Project("{9A19103F-16F7-4668-BE54-9A1E7A4F7556}") = "DependencyInjection", "src\Fundamentos\DependencyInjection\DependencyInjection.csproj", "{20F17FEE-D939-486B-8C84-EE132DA3B47D}"
EndProject
Project("{2150E333-8FDC-42A3-9474-1A3956D46DE8}") = "04-DesignPatterns", "04-DesignPatterns", "{F34F3F57-A3F1-4393-AF0E-2008DAE85A11}"
EndProject
Project("{FAE04EC0-301F-11D3-BF4B-00C04F79EFBC}") = "DesignPatterns", "src\Fundamentos\DesignPatterns\DesignPatterns.csproj", "{0CF7CE99-3D88-44D9-A28B-B25A71D093FD}"
EndProject
Global
	GlobalSection(SolutionConfigurationPlatforms) = preSolution
		Debug|Any CPU = Debug|Any CPU
		Release|Any CPU = Release|Any CPU
	EndGlobalSection
	GlobalSection(ProjectConfigurationPlatforms) = postSolution
		{22361BB6-6869-4FA1-9F75-01469C2294F6}.Debug|Any CPU.ActiveCfg = Debug|Any CPU
		{22361BB6-6869-4FA1-9F75-01469C2294F6}.Debug|Any CPU.Build.0 = Debug|Any CPU
		{22361BB6-6869-4FA1-9F75-01469C2294F6}.Release|Any CPU.ActiveCfg = Release|Any CPU
		{22361BB6-6869-4FA1-9F75-01469C2294F6}.Release|Any CPU.Build.0 = Release|Any CPU
		{B8B0B8F7-F041-4478-AFCD-BECAC8F7D2A4}.Debug|Any CPU.ActiveCfg = Debug|Any CPU
		{B8B0B8F7-F041-4478-AFCD-BECAC8F7D2A4}.Debug|Any CPU.Build.0 = Debug|Any CPU
		{B8B0B8F7-F041-4478-AFCD-BECAC8F7D2A4}.Release|Any CPU.ActiveCfg = Release|Any CPU
		{B8B0B8F7-F041-4478-AFCD-BECAC8F7D2A4}.Release|Any CPU.Build.0 = Release|Any CPU
		{C30AAA7E-9795-4A1C-AA61-D2EAAABD96DF}.Debug|Any CPU.ActiveCfg = Debug|Any CPU
		{C30AAA7E-9795-4A1C-AA61-D2EAAABD96DF}.Debug|Any CPU.Build.0 = Debug|Any CPU
		{C30AAA7E-9795-4A1C-AA61-D2EAAABD96DF}.Release|Any CPU.ActiveCfg = Release|Any CPU
		{C30AAA7E-9795-4A1C-AA61-D2EAAABD96DF}.Release|Any CPU.Build.0 = Release|Any CPU
		{0FDAA504-3D06-4654-A8C3-51BFF410F909}.Debug|Any CPU.ActiveCfg = Debug|Any CPU
		{0FDAA504-3D06-4654-A8C3-51BFF410F909}.Debug|Any CPU.Build.0 = Debug|Any CPU
		{0FDAA504-3D06-4654-A8C3-51BFF410F909}.Release|Any CPU.ActiveCfg = Release|Any CPU
		{0FDAA504-3D06-4654-A8C3-51BFF410F909}.Release|Any CPU.Build.0 = Release|Any CPU
		{E27990E3-EDCE-4101-A880-C5156290C05A}.Debug|Any CPU.ActiveCfg = Debug|Any CPU
		{E27990E3-EDCE-4101-A880-C5156290C05A}.Debug|Any CPU.Build.0 = Debug|Any CPU
		{E27990E3-EDCE-4101-A880-C5156290C05A}.Release|Any CPU.ActiveCfg = Release|Any CPU
		{E27990E3-EDCE-4101-A880-C5156290C05A}.Release|Any CPU.Build.0 = Release|Any CPU
		{F135061A-1ACA-4410-AAD9-8F94C2116797}.Debug|Any CPU.ActiveCfg = Debug|Any CPU
		{F135061A-1ACA-4410-AAD9-8F94C2116797}.Debug|Any CPU.Build.0 = Debug|Any CPU
		{F135061A-1ACA-4410-AAD9-8F94C2116797}.Release|Any CPU.ActiveCfg = Release|Any CPU
		{F135061A-1ACA-4410-AAD9-8F94C2116797}.Release|Any CPU.Build.0 = Release|Any CPU
		{D6DF5042-A302-48D4-958E-D45D9EF7077D}.Debug|Any CPU.ActiveCfg = Debug|Any CPU
		{D6DF5042-A302-48D4-958E-D45D9EF7077D}.Debug|Any CPU.Build.0 = Debug|Any CPU
		{D6DF5042-A302-48D4-958E-D45D9EF7077D}.Release|Any CPU.ActiveCfg = Release|Any CPU
		{D6DF5042-A302-48D4-958E-D45D9EF7077D}.Release|Any CPU.Build.0 = Release|Any CPU
		{A133A38C-4C33-4594-974C-9CAF6C25A98D}.Debug|Any CPU.ActiveCfg = Debug|Any CPU
		{A133A38C-4C33-4594-974C-9CAF6C25A98D}.Debug|Any CPU.Build.0 = Debug|Any CPU
		{A133A38C-4C33-4594-974C-9CAF6C25A98D}.Release|Any CPU.ActiveCfg = Release|Any CPU
		{A133A38C-4C33-4594-974C-9CAF6C25A98D}.Release|Any CPU.Build.0 = Release|Any CPU
		{1F9BF6E4-D037-4B80-9F00-5EA3AFE3D057}.Debug|Any CPU.ActiveCfg = Debug|Any CPU
		{1F9BF6E4-D037-4B80-9F00-5EA3AFE3D057}.Debug|Any CPU.Build.0 = Debug|Any CPU
		{1F9BF6E4-D037-4B80-9F00-5EA3AFE3D057}.Release|Any CPU.ActiveCfg = Release|Any CPU
		{1F9BF6E4-D037-4B80-9F00-5EA3AFE3D057}.Release|Any CPU.Build.0 = Release|Any CPU
		{62D84B43-FAF2-4671-B1A8-5EF0E15DDEE1}.Debug|Any CPU.ActiveCfg = Debug|Any CPU
		{62D84B43-FAF2-4671-B1A8-5EF0E15DDEE1}.Debug|Any CPU.Build.0 = Debug|Any CPU
		{62D84B43-FAF2-4671-B1A8-5EF0E15DDEE1}.Release|Any CPU.ActiveCfg = Release|Any CPU
		{62D84B43-FAF2-4671-B1A8-5EF0E15DDEE1}.Release|Any CPU.Build.0 = Release|Any CPU
		{12852E9F-A1A4-46AD-993C-E0B8770382ED}.Debug|Any CPU.ActiveCfg = Debug|Any CPU
		{12852E9F-A1A4-46AD-993C-E0B8770382ED}.Debug|Any CPU.Build.0 = Debug|Any CPU
		{12852E9F-A1A4-46AD-993C-E0B8770382ED}.Release|Any CPU.ActiveCfg = Release|Any CPU
		{12852E9F-A1A4-46AD-993C-E0B8770382ED}.Release|Any CPU.Build.0 = Release|Any CPU
		{D30793A8-1AD4-4BF7-B28E-C42184C3BC08}.Debug|Any CPU.ActiveCfg = Debug|Any CPU
		{D30793A8-1AD4-4BF7-B28E-C42184C3BC08}.Debug|Any CPU.Build.0 = Debug|Any CPU
		{D30793A8-1AD4-4BF7-B28E-C42184C3BC08}.Release|Any CPU.ActiveCfg = Release|Any CPU
		{D30793A8-1AD4-4BF7-B28E-C42184C3BC08}.Release|Any CPU.Build.0 = Release|Any CPU
		{2FC833D4-8161-4FAC-B0EE-62DBC0D10940}.Debug|Any CPU.ActiveCfg = Debug|Any CPU
		{2FC833D4-8161-4FAC-B0EE-62DBC0D10940}.Debug|Any CPU.Build.0 = Debug|Any CPU
		{2FC833D4-8161-4FAC-B0EE-62DBC0D10940}.Release|Any CPU.ActiveCfg = Release|Any CPU
		{2FC833D4-8161-4FAC-B0EE-62DBC0D10940}.Release|Any CPU.Build.0 = Release|Any CPU
		{F58EFF6D-F365-4698-A754-C74D09B8AF07}.Debug|Any CPU.ActiveCfg = Debug|Any CPU
		{F58EFF6D-F365-4698-A754-C74D09B8AF07}.Debug|Any CPU.Build.0 = Debug|Any CPU
		{F58EFF6D-F365-4698-A754-C74D09B8AF07}.Release|Any CPU.ActiveCfg = Release|Any CPU
		{F58EFF6D-F365-4698-A754-C74D09B8AF07}.Release|Any CPU.Build.0 = Release|Any CPU
		{9C5C8676-D153-4FEB-A2DA-4C9F06D29C8A}.Debug|Any CPU.ActiveCfg = Debug|Any CPU
		{9C5C8676-D153-4FEB-A2DA-4C9F06D29C8A}.Debug|Any CPU.Build.0 = Debug|Any CPU
		{9C5C8676-D153-4FEB-A2DA-4C9F06D29C8A}.Release|Any CPU.ActiveCfg = Release|Any CPU
		{9C5C8676-D153-4FEB-A2DA-4C9F06D29C8A}.Release|Any CPU.Build.0 = Release|Any CPU
		{20F17FEE-D939-486B-8C84-EE132DA3B47D}.Debug|Any CPU.ActiveCfg = Debug|Any CPU
		{20F17FEE-D939-486B-8C84-EE132DA3B47D}.Debug|Any CPU.Build.0 = Debug|Any CPU
		{20F17FEE-D939-486B-8C84-EE132DA3B47D}.Release|Any CPU.ActiveCfg = Release|Any CPU
		{20F17FEE-D939-486B-8C84-EE132DA3B47D}.Release|Any CPU.Build.0 = Release|Any CPU
		{0CF7CE99-3D88-44D9-A28B-B25A71D093FD}.Debug|Any CPU.ActiveCfg = Debug|Any CPU
		{0CF7CE99-3D88-44D9-A28B-B25A71D093FD}.Debug|Any CPU.Build.0 = Debug|Any CPU
		{0CF7CE99-3D88-44D9-A28B-B25A71D093FD}.Release|Any CPU.ActiveCfg = Release|Any CPU
		{0CF7CE99-3D88-44D9-A28B-B25A71D093FD}.Release|Any CPU.Build.0 = Release|Any CPU
	EndGlobalSection
	GlobalSection(SolutionProperties) = preSolution
		HideSolutionNode = FALSE
	EndGlobalSection
	GlobalSection(NestedProjects) = preSolution
		{6FBD2332-08B4-4C5E-9F12-C1F491EA5280} = {4BD20499-4E30-46E7-AC42-22AA6267AF79}
		{B2A59620-A2B9-4B0C-ACD0-D57819DBDD98} = {4BD20499-4E30-46E7-AC42-22AA6267AF79}
		{7879607A-D5B7-4CE6-8E22-8ED53AFF40D8} = {4BD20499-4E30-46E7-AC42-22AA6267AF79}
		{307DE703-5BAB-4C02-B857-0BB8134BE075} = {4BD20499-4E30-46E7-AC42-22AA6267AF79}
		{415E76A7-7F70-4D34-924B-46B478C7935C} = {4BD20499-4E30-46E7-AC42-22AA6267AF79}
		{E51CD157-BDC6-42B2-A774-D8EFB4A7C927} = {4BD20499-4E30-46E7-AC42-22AA6267AF79}
		{22361BB6-6869-4FA1-9F75-01469C2294F6} = {B2A59620-A2B9-4B0C-ACD0-D57819DBDD98}
		{B8B0B8F7-F041-4478-AFCD-BECAC8F7D2A4} = {7879607A-D5B7-4CE6-8E22-8ED53AFF40D8}
		{A13CDF50-4BCA-43EA-952F-ACD71C841481} = {B2A59620-A2B9-4B0C-ACD0-D57819DBDD98}
		{C30AAA7E-9795-4A1C-AA61-D2EAAABD96DF} = {A13CDF50-4BCA-43EA-952F-ACD71C841481}
		{0FDAA504-3D06-4654-A8C3-51BFF410F909} = {B2A59620-A2B9-4B0C-ACD0-D57819DBDD98}
		{E27990E3-EDCE-4101-A880-C5156290C05A} = {B2A59620-A2B9-4B0C-ACD0-D57819DBDD98}
		{F135061A-1ACA-4410-AAD9-8F94C2116797} = {C2501060-4933-460D-8381-A4B957721350}
		{D6DF5042-A302-48D4-958E-D45D9EF7077D} = {E51CD157-BDC6-42B2-A774-D8EFB4A7C927}
		{A133A38C-4C33-4594-974C-9CAF6C25A98D} = {E51CD157-BDC6-42B2-A774-D8EFB4A7C927}
		{1F9BF6E4-D037-4B80-9F00-5EA3AFE3D057} = {E51CD157-BDC6-42B2-A774-D8EFB4A7C927}
		{62D84B43-FAF2-4671-B1A8-5EF0E15DDEE1} = {415E76A7-7F70-4D34-924B-46B478C7935C}
		{12852E9F-A1A4-46AD-993C-E0B8770382ED} = {415E76A7-7F70-4D34-924B-46B478C7935C}
		{D30793A8-1AD4-4BF7-B28E-C42184C3BC08} = {415E76A7-7F70-4D34-924B-46B478C7935C}
		{2FC833D4-8161-4FAC-B0EE-62DBC0D10940} = {54E5E6AF-55C7-486F-B879-B3F789EBEEBC}
		{17049EB3-50A9-4EFC-812B-7F19F27290C3} = {EE51CBF8-56C5-4B3B-B00A-51086FBC9C9A}
		{F58EFF6D-F365-4698-A754-C74D09B8AF07} = {17049EB3-50A9-4EFC-812B-7F19F27290C3}
		{A4A0455E-C92C-4641-80C1-33131BCF6D11} = {EE51CBF8-56C5-4B3B-B00A-51086FBC9C9A}
		{9C5C8676-D153-4FEB-A2DA-4C9F06D29C8A} = {A4A0455E-C92C-4641-80C1-33131BCF6D11}
		{28D158C8-E935-4439-974D-7184BD4DEA6D} = {EE51CBF8-56C5-4B3B-B00A-51086FBC9C9A}
		{20F17FEE-D939-486B-8C84-EE132DA3B47D} = {28D158C8-E935-4439-974D-7184BD4DEA6D}
		{F34F3F57-A3F1-4393-AF0E-2008DAE85A11} = {EE51CBF8-56C5-4B3B-B00A-51086FBC9C9A}
		{0CF7CE99-3D88-44D9-A28B-B25A71D093FD} = {F34F3F57-A3F1-4393-AF0E-2008DAE85A11}
	EndGlobalSection
	GlobalSection(ExtensibilityGlobals) = postSolution
		SolutionGuid = {5C9B29C4-E4E8-444C-B875-E0C6301049A7}
	EndGlobalSection
EndGlobal
